{
    "_readme": [
        "This file locks the dependencies of your project to a known state",
        "Read more about it at https://getcomposer.org/doc/01-basic-usage.md#composer-lock-the-lock-file",
        "This file is @generated automatically"
    ],
    "content-hash": "6b125a0af3326842be383b588b2d2de2",
    "packages": [
        {
            "name": "alchemy/binary-driver",
            "version": "1.6.0",
            "source": {
                "type": "git",
                "url": "https://github.com/alchemy-fr/BinaryDriver.git",
                "reference": "80c6633890afb71d2417ae851d0ad167d8b00b95"
            },
            "dist": {
                "type": "zip",
                "url": "https://api.github.com/repos/alchemy-fr/BinaryDriver/zipball/80c6633890afb71d2417ae851d0ad167d8b00b95",
                "reference": "80c6633890afb71d2417ae851d0ad167d8b00b95",
                "shasum": ""
            },
            "require": {
                "evenement/evenement": "^2.0|^1.0",
                "monolog/monolog": "^1.3",
                "php": ">=5.5",
                "psr/log": "^1.0",
                "symfony/process": "^2.0|^3.0"
            },
            "require-dev": {
                "phpunit/phpunit": "^4.0|^5.0"
            },
            "type": "library",
            "autoload": {
                "psr-0": {
                    "Alchemy": "src"
                }
            },
            "notification-url": "https://packagist.org/downloads/",
            "license": [
                "MIT"
            ],
            "authors": [
                {
                    "name": "Romain Neutron",
                    "email": "imprec@gmail.com",
                    "homepage": "http://www.lickmychip.com/"
                },
                {
                    "name": "Phraseanet Team",
                    "email": "info@alchemy.fr",
                    "homepage": "http://www.phraseanet.com/"
                },
                {
                    "name": "Nicolas Le Goff",
                    "email": "legoff.n@gmail.com"
                }
            ],
            "description": "A set of tools to build binary drivers",
            "keywords": [
                "binary",
                "driver"
            ],
            "time": "2016-03-02T13:49:15+00:00"
        },
        {
            "name": "anerg2046/alidayu",
            "version": "1.1.0",
            "source": {
                "type": "git",
                "url": "https://github.com/anerg2046/alidayu.git",
                "reference": "301bf0e3a755793a9348f0defc649977ffef3723"
            },
            "dist": {
                "type": "zip",
                "url": "https://api.github.com/repos/anerg2046/alidayu/zipball/301bf0e3a755793a9348f0defc649977ffef3723",
                "reference": "301bf0e3a755793a9348f0defc649977ffef3723",
                "shasum": ""
            },
            "require": {
                "anerg2046/helper": "^1.0",
                "php": ">=5.6.0"
            },
            "type": "library",
            "autoload": {
                "psr-4": {
                    "anerg\\Alidayu\\": "src"
                }
            },
            "notification-url": "https://packagist.org/downloads/",
            "license": [
                "MIT"
            ],
            "authors": [
                {
                    "name": "Coeus",
                    "email": "r.anerg@gmail.com"
                }
            ],
            "description": "alidayu sms library",
            "time": "2017-01-05T08:23:46+00:00"
        },
        {
            "name": "anerg2046/helper",
            "version": "1.0.6.2",
            "source": {
                "type": "git",
                "url": "https://github.com/anerg2046/helper.git",
                "reference": "7e58d17ebd3bf6233de97795ca2d8b95b92e906e"
            },
            "dist": {
                "type": "zip",
                "url": "https://api.github.com/repos/anerg2046/helper/zipball/7e58d17ebd3bf6233de97795ca2d8b95b92e906e",
                "reference": "7e58d17ebd3bf6233de97795ca2d8b95b92e906e",
                "shasum": ""
            },
            "require": {
                "php": ">=5.6.0"
            },
            "type": "library",
            "autoload": {
                "psr-4": {
                    "anerg\\helper\\": "src"
                },
                "files": [
                    "src/helper.php"
                ]
            },
            "notification-url": "https://packagist.org/downloads/",
            "license": [
                "MIT"
            ],
            "authors": [
                {
                    "name": "Coeus",
                    "email": "r.anerg@gmail.com"
                }
            ],
            "description": "some helper libaray function",
            "time": "2017-08-07T07:14:23+00:00"
        },
        {
            "name": "doctrine/cache",
            "version": "v1.6.2",
            "source": {
                "type": "git",
                "url": "https://github.com/doctrine/cache.git",
                "reference": "eb152c5100571c7a45470ff2a35095ab3f3b900b"
            },
            "dist": {
                "type": "zip",
                "url": "https://api.github.com/repos/doctrine/cache/zipball/eb152c5100571c7a45470ff2a35095ab3f3b900b",
                "reference": "eb152c5100571c7a45470ff2a35095ab3f3b900b",
                "shasum": ""
            },
            "require": {
                "php": "~5.5|~7.0"
            },
            "conflict": {
                "doctrine/common": ">2.2,<2.4"
            },
            "require-dev": {
                "phpunit/phpunit": "~4.8|~5.0",
                "predis/predis": "~1.0",
                "satooshi/php-coveralls": "~0.6"
            },
            "type": "library",
            "extra": {
                "branch-alias": {
                    "dev-master": "1.6.x-dev"
                }
            },
            "autoload": {
                "psr-4": {
                    "Doctrine\\Common\\Cache\\": "lib/Doctrine/Common/Cache"
                }
            },
            "notification-url": "https://packagist.org/downloads/",
            "license": [
                "MIT"
            ],
            "authors": [
                {
                    "name": "Roman Borschel",
                    "email": "roman@code-factory.org"
                },
                {
                    "name": "Benjamin Eberlei",
                    "email": "kontakt@beberlei.de"
                },
                {
                    "name": "Guilherme Blanco",
                    "email": "guilhermeblanco@gmail.com"
                },
                {
                    "name": "Jonathan Wage",
                    "email": "jonwage@gmail.com"
                },
                {
                    "name": "Johannes Schmitt",
                    "email": "schmittjoh@gmail.com"
                }
            ],
            "description": "Caching library offering an object-oriented API for many cache backends",
            "homepage": "http://www.doctrine-project.org",
            "keywords": [
                "cache",
                "caching"
            ],
            "time": "2017-07-22T12:49:21+00:00"
        },
        {
            "name": "evenement/evenement",
            "version": "v2.1.0",
            "source": {
                "type": "git",
                "url": "https://github.com/igorw/evenement.git",
                "reference": "6ba9a777870ab49f417e703229d53931ed40fd7a"
            },
            "dist": {
                "type": "zip",
                "url": "https://api.github.com/repos/igorw/evenement/zipball/6ba9a777870ab49f417e703229d53931ed40fd7a",
                "reference": "6ba9a777870ab49f417e703229d53931ed40fd7a",
                "shasum": ""
            },
            "require": {
                "php": ">=5.4.0"
            },
            "require-dev": {
                "phpunit/phpunit": "^6.0||^5.7||^4.8.35"
            },
            "type": "library",
            "extra": {
                "branch-alias": {
                    "dev-master": "2.0-dev"
                }
            },
            "autoload": {
                "psr-0": {
                    "Evenement": "src"
                }
            },
            "notification-url": "https://packagist.org/downloads/",
            "license": [
                "MIT"
            ],
            "authors": [
                {
                    "name": "Igor Wiedler",
                    "email": "igor@wiedler.ch"
                }
            ],
            "description": "Événement is a very simple event dispatching library for PHP",
            "keywords": [
                "event-dispatcher",
                "event-emitter"
            ],
            "time": "2017-07-17T17:39:19+00:00"
        },
        {
            "name": "flc/alidayu",
            "version": "v2.0.6",
            "source": {
                "type": "git",
                "url": "https://github.com/flc1125/alidayu.git",
                "reference": "f4df2beaa90e639ef639b562d2b71e8dc2c3806c"
            },
            "dist": {
                "type": "zip",
                "url": "https://api.github.com/repos/flc1125/alidayu/zipball/f4df2beaa90e639ef639b562d2b71e8dc2c3806c",
                "reference": "f4df2beaa90e639ef639b562d2b71e8dc2c3806c",
                "shasum": ""
            },
            "require": {
                "php": ">=5.4.0"
            },
            "type": "library",
            "autoload": {
                "psr-4": {
                    "Flc\\Alidayu\\": "src/Alidayu/"
                }
            },
            "notification-url": "https://packagist.org/downloads/",
            "license": [
                "MIT"
            ],
            "description": "阿里大于(鱼)API-SDK；适用任何PHP项目，包括Laravel、Yii、Thinkphp等...",
            "keywords": [
                "alidayu",
                "flc"
            ],
            "time": "2017-08-12T02:55:34+00:00"
        },
        {
            "name": "guzzle/guzzle",
            "version": "v3.9.3",
            "source": {
                "type": "git",
                "url": "https://github.com/guzzle/guzzle3.git",
                "reference": "0645b70d953bc1c067bbc8d5bc53194706b628d9"
            },
            "dist": {
                "type": "zip",
                "url": "https://api.github.com/repos/guzzle/guzzle3/zipball/0645b70d953bc1c067bbc8d5bc53194706b628d9",
                "reference": "0645b70d953bc1c067bbc8d5bc53194706b628d9",
                "shasum": ""
            },
            "require": {
                "ext-curl": "*",
                "php": ">=5.3.3",
                "symfony/event-dispatcher": "~2.1"
            },
            "replace": {
                "guzzle/batch": "self.version",
                "guzzle/cache": "self.version",
                "guzzle/common": "self.version",
                "guzzle/http": "self.version",
                "guzzle/inflection": "self.version",
                "guzzle/iterator": "self.version",
                "guzzle/log": "self.version",
                "guzzle/parser": "self.version",
                "guzzle/plugin": "self.version",
                "guzzle/plugin-async": "self.version",
                "guzzle/plugin-backoff": "self.version",
                "guzzle/plugin-cache": "self.version",
                "guzzle/plugin-cookie": "self.version",
                "guzzle/plugin-curlauth": "self.version",
                "guzzle/plugin-error-response": "self.version",
                "guzzle/plugin-history": "self.version",
                "guzzle/plugin-log": "self.version",
                "guzzle/plugin-md5": "self.version",
                "guzzle/plugin-mock": "self.version",
                "guzzle/plugin-oauth": "self.version",
                "guzzle/service": "self.version",
                "guzzle/stream": "self.version"
            },
            "require-dev": {
                "doctrine/cache": "~1.3",
                "monolog/monolog": "~1.0",
                "phpunit/phpunit": "3.7.*",
                "psr/log": "~1.0",
                "symfony/class-loader": "~2.1",
                "zendframework/zend-cache": "2.*,<2.3",
                "zendframework/zend-log": "2.*,<2.3"
            },
            "suggest": {
                "guzzlehttp/guzzle": "Guzzle 5 has moved to a new package name. The package you have installed, Guzzle 3, is deprecated."
            },
            "type": "library",
            "extra": {
                "branch-alias": {
                    "dev-master": "3.9-dev"
                }
            },
            "autoload": {
                "psr-0": {
                    "Guzzle": "src/",
                    "Guzzle\\Tests": "tests/"
                }
            },
            "notification-url": "https://packagist.org/downloads/",
            "license": [
                "MIT"
            ],
            "authors": [
                {
                    "name": "Michael Dowling",
                    "email": "mtdowling@gmail.com",
                    "homepage": "https://github.com/mtdowling"
                },
                {
                    "name": "Guzzle Community",
                    "homepage": "https://github.com/guzzle/guzzle/contributors"
                }
            ],
            "description": "PHP HTTP client. This library is deprecated in favor of https://packagist.org/packages/guzzlehttp/guzzle",
            "homepage": "http://guzzlephp.org/",
            "keywords": [
                "client",
                "curl",
                "framework",
                "http",
                "http client",
                "rest",
                "web service"
            ],
            "abandoned": "guzzlehttp/guzzle",
            "time": "2015-03-18T18:23:50+00:00"
        },
        {
            "name": "monolog/monolog",
            "version": "1.23.0",
            "source": {
                "type": "git",
                "url": "https://github.com/Seldaek/monolog.git",
                "reference": "fd8c787753b3a2ad11bc60c063cff1358a32a3b4"
            },
            "dist": {
                "type": "zip",
                "url": "https://api.github.com/repos/Seldaek/monolog/zipball/fd8c787753b3a2ad11bc60c063cff1358a32a3b4",
                "reference": "fd8c787753b3a2ad11bc60c063cff1358a32a3b4",
                "shasum": ""
            },
            "require": {
                "php": ">=5.3.0",
                "psr/log": "~1.0"
            },
            "provide": {
                "psr/log-implementation": "1.0.0"
            },
            "require-dev": {
                "aws/aws-sdk-php": "^2.4.9 || ^3.0",
                "doctrine/couchdb": "~1.0@dev",
                "graylog2/gelf-php": "~1.0",
                "jakub-onderka/php-parallel-lint": "0.9",
                "php-amqplib/php-amqplib": "~2.4",
                "php-console/php-console": "^3.1.3",
                "phpunit/phpunit": "~4.5",
                "phpunit/phpunit-mock-objects": "2.3.0",
                "ruflin/elastica": ">=0.90 <3.0",
                "sentry/sentry": "^0.13",
                "swiftmailer/swiftmailer": "^5.3|^6.0"
            },
            "suggest": {
                "aws/aws-sdk-php": "Allow sending log messages to AWS services like DynamoDB",
                "doctrine/couchdb": "Allow sending log messages to a CouchDB server",
                "ext-amqp": "Allow sending log messages to an AMQP server (1.0+ required)",
                "ext-mongo": "Allow sending log messages to a MongoDB server",
                "graylog2/gelf-php": "Allow sending log messages to a GrayLog2 server",
                "mongodb/mongodb": "Allow sending log messages to a MongoDB server via PHP Driver",
                "php-amqplib/php-amqplib": "Allow sending log messages to an AMQP server using php-amqplib",
                "php-console/php-console": "Allow sending log messages to Google Chrome",
                "rollbar/rollbar": "Allow sending log messages to Rollbar",
                "ruflin/elastica": "Allow sending log messages to an Elastic Search server",
                "sentry/sentry": "Allow sending log messages to a Sentry server"
            },
            "type": "library",
            "extra": {
                "branch-alias": {
                    "dev-master": "2.0.x-dev"
                }
            },
            "autoload": {
                "psr-4": {
                    "Monolog\\": "src/Monolog"
                }
            },
            "notification-url": "https://packagist.org/downloads/",
            "license": [
                "MIT"
            ],
            "authors": [
                {
                    "name": "Jordi Boggiano",
                    "email": "j.boggiano@seld.be",
                    "homepage": "http://seld.be"
                }
            ],
            "description": "Sends your logs to files, sockets, inboxes, databases and various web services",
            "homepage": "http://github.com/Seldaek/monolog",
            "keywords": [
                "log",
                "logging",
                "psr-3"
            ],
            "time": "2017-06-19T01:22:40+00:00"
        },
        {
            "name": "neutron/temporary-filesystem",
            "version": "2.3.0",
            "source": {
                "type": "git",
                "url": "https://github.com/romainneutron/Temporary-Filesystem.git",
                "reference": "694aa3885f653dd429584e825ffbab79441d285f"
            },
            "dist": {
                "type": "zip",
                "url": "https://api.github.com/repos/romainneutron/Temporary-Filesystem/zipball/694aa3885f653dd429584e825ffbab79441d285f",
                "reference": "694aa3885f653dd429584e825ffbab79441d285f",
                "shasum": ""
            },
            "require": {
                "php": "^5.6 || ^7.0",
                "symfony/filesystem": "^2.3 || ^3.0 || ^4.0"
            },
            "require-dev": {
                "phpunit/phpunit": "^5.0"
            },
            "type": "library",
            "autoload": {
                "psr-0": {
                    "Neutron": "src"
                }
            },
            "notification-url": "https://packagist.org/downloads/",
            "license": [
                "MIT"
            ],
            "authors": [
                {
                    "name": "Romain Neutron",
                    "email": "imprec@gmail.com"
                }
            ],
            "description": "Symfony filesystem extension to handle temporary files",
            "time": "2018-02-07T21:11:57+00:00"
        },
        {
            "name": "php-ffmpeg/php-ffmpeg",
            "version": "v0.11.1-pl-1",
            "source": {
                "type": "git",
                "url": "https://github.com/PHP-FFMpeg/PHP-FFMpeg.git",
                "reference": "e91b2276e349e28030e6d2a46eb292294fd5e947"
            },
            "dist": {
                "type": "zip",
                "url": "https://api.github.com/repos/PHP-FFMpeg/PHP-FFMpeg/zipball/e91b2276e349e28030e6d2a46eb292294fd5e947",
                "reference": "e91b2276e349e28030e6d2a46eb292294fd5e947",
                "shasum": ""
            },
            "require": {
                "alchemy/binary-driver": "^1.5",
                "doctrine/cache": "^1.0",
                "evenement/evenement": "^2.0 || ^1.0",
                "neutron/temporary-filesystem": "^2.1.1",
                "php": "^5.3.9 || ^7.0"
            },
            "require-dev": {
                "phpunit/phpunit": "^4.8.36",
                "sami/sami": "~1.0",
                "silex/silex": "~1.0"
            },
            "suggest": {
                "php-ffmpeg/extras": "A compilation of common audio & video drivers for PHP-FFMpeg"
            },
            "type": "library",
            "extra": {
                "branch-alias": {
                    "dev-master": "0.7-dev"
                }
            },
            "autoload": {
                "psr-0": {
                    "FFMpeg": "src"
                }
            },
            "notification-url": "https://packagist.org/downloads/",
            "license": [
                "MIT"
            ],
            "authors": [
                {
                    "name": "Romain Neutron",
                    "email": "imprec@gmail.com",
                    "homepage": "http://www.lickmychip.com/"
                },
                {
                    "name": "Phraseanet Team",
                    "email": "info@alchemy.fr",
                    "homepage": "http://www.phraseanet.com/"
                },
                {
                    "name": "Patrik Karisch",
                    "email": "patrik@karisch.guru",
                    "homepage": "http://www.karisch.guru"
                },
                {
                    "name": "Romain Biard",
                    "email": "romain.biard@gmail.com",
                    "homepage": "https://www.strime.io/"
                },
                {
                    "name": "Jens Hausdorf",
                    "email": "hello@jens-hausdorf.de",
                    "homepage": "https://jens-hausdorf.de"
                }
            ],
            "description": "FFMpeg PHP, an Object Oriented library to communicate with AVconv / ffmpeg",
            "keywords": [
                "audio",
                "audio processing",
                "avconv",
                "avprobe",
                "ffmpeg",
                "ffprobe",
                "video",
                "video processing"
            ],
            "time": "2018-02-21T19:24:02+00:00"
        },
        {
            "name": "psr/log",
            "version": "1.0.2",
            "source": {
                "type": "git",
                "url": "https://github.com/php-fig/log.git",
                "reference": "4ebe3a8bf773a19edfe0a84b6585ba3d401b724d"
            },
            "dist": {
                "type": "zip",
                "url": "https://api.github.com/repos/php-fig/log/zipball/4ebe3a8bf773a19edfe0a84b6585ba3d401b724d",
                "reference": "4ebe3a8bf773a19edfe0a84b6585ba3d401b724d",
                "shasum": ""
            },
            "require": {
                "php": ">=5.3.0"
            },
            "type": "library",
            "extra": {
                "branch-alias": {
                    "dev-master": "1.0.x-dev"
                }
            },
            "autoload": {
                "psr-4": {
                    "Psr\\Log\\": "Psr/Log/"
                }
            },
            "notification-url": "https://packagist.org/downloads/",
            "license": [
                "MIT"
            ],
            "authors": [
                {
                    "name": "PHP-FIG",
                    "homepage": "http://www.php-fig.org/"
                }
            ],
            "description": "Common interface for logging libraries",
            "homepage": "https://github.com/php-fig/log",
            "keywords": [
                "log",
                "psr",
                "psr-3"
            ],
            "time": "2016-10-10T12:19:37+00:00"
        },
        {
            "name": "qcloud/cos-sdk-v5",
            "version": "v1.2.3",
            "source": {
                "type": "git",
                "url": "https://github.com/tencentyun/cos-php-sdk-v5.git",
                "reference": "50d99c6ebfa32d3715fc5736340ac904b7398c93"
            },
            "dist": {
                "type": "zip",
                "url": "https://api.github.com/repos/tencentyun/cos-php-sdk-v5/zipball/50d99c6ebfa32d3715fc5736340ac904b7398c93",
                "reference": "50d99c6ebfa32d3715fc5736340ac904b7398c93",
                "shasum": ""
            },
            "require": {
                "guzzle/guzzle": "~3.7",
                "php": ">=5.3.0"
            },
            "type": "library",
            "autoload": {
                "psr-0": {
                    "Qcloud\\Cos\\": "src/"
                }
            },
            "notification-url": "https://packagist.org/downloads/",
            "license": [
                "MIT"
            ],
            "authors": [
                {
                    "name": "yaozongyou",
                    "email": "yaozongyou@vip.qq.com"
                },
                {
                    "name": "lewzylu",
                    "email": "327874225@qq.com"
                }
            ],
            "description": "PHP SDK for QCloud COS",
            "keywords": [
                "cos",
                "php",
                "qcloud"
            ],
            "time": "2018-05-28T08:35:28+00:00"
        },
        {
            "name": "qiniu/php-sdk",
            "version": "v7.2.6",
            "source": {
                "type": "git",
                "url": "https://github.com/qiniu/php-sdk.git",
                "reference": "305ce1c1c0c71f794661fe45a96facf61ef96c5d"
            },
            "dist": {
                "type": "zip",
                "url": "https://api.github.com/repos/qiniu/php-sdk/zipball/305ce1c1c0c71f794661fe45a96facf61ef96c5d",
                "reference": "305ce1c1c0c71f794661fe45a96facf61ef96c5d",
                "shasum": ""
            },
            "require": {
                "php": ">=5.3.3"
            },
            "require-dev": {
                "phpunit/phpunit": "~4.0",
                "squizlabs/php_codesniffer": "~2.3"
            },
            "type": "library",
            "autoload": {
                "psr-4": {
                    "Qiniu\\": "src/Qiniu"
                },
                "files": [
                    "src/Qiniu/functions.php"
                ]
            },
            "notification-url": "https://packagist.org/downloads/",
            "license": [
                "MIT"
            ],
            "authors": [
                {
                    "name": "Qiniu",
                    "email": "sdk@qiniu.com",
                    "homepage": "http://www.qiniu.com"
                }
            ],
            "description": "Qiniu Resource (Cloud) Storage SDK for PHP",
            "homepage": "http://developer.qiniu.com/",
            "keywords": [
                "cloud",
                "qiniu",
                "sdk",
                "storage"
            ],
            "time": "2018-05-18T04:37:29+00:00"
        },
        {
            "name": "symfony/event-dispatcher",
            "version": "v2.8.42",
            "source": {
                "type": "git",
                "url": "https://github.com/symfony/event-dispatcher.git",
                "reference": "9b69aad7d4c086dc94ebade2d5eb9145da5dac8c"
            },
            "dist": {
                "type": "zip",
                "url": "https://api.github.com/repos/symfony/event-dispatcher/zipball/9b69aad7d4c086dc94ebade2d5eb9145da5dac8c",
                "reference": "9b69aad7d4c086dc94ebade2d5eb9145da5dac8c",
                "shasum": ""
            },
            "require": {
                "php": ">=5.3.9"
            },
            "require-dev": {
                "psr/log": "~1.0",
                "symfony/config": "^2.0.5|~3.0.0",
                "symfony/dependency-injection": "~2.6|~3.0.0",
                "symfony/expression-language": "~2.6|~3.0.0",
                "symfony/stopwatch": "~2.3|~3.0.0"
            },
            "suggest": {
                "symfony/dependency-injection": "",
                "symfony/http-kernel": ""
            },
            "type": "library",
            "extra": {
                "branch-alias": {
                    "dev-master": "2.8-dev"
                }
            },
            "autoload": {
                "psr-4": {
                    "Symfony\\Component\\EventDispatcher\\": ""
                },
                "exclude-from-classmap": [
                    "/Tests/"
                ]
            },
            "notification-url": "https://packagist.org/downloads/",
            "license": [
                "MIT"
            ],
            "authors": [
                {
                    "name": "Fabien Potencier",
                    "email": "fabien@symfony.com"
                },
                {
                    "name": "Symfony Community",
                    "homepage": "https://symfony.com/contributors"
                }
            ],
            "description": "Symfony EventDispatcher Component",
            "homepage": "https://symfony.com",
            "time": "2018-04-06T07:35:03+00:00"
        },
        {
            "name": "symfony/filesystem",
            "version": "v3.4.12",
            "source": {
                "type": "git",
                "url": "https://github.com/symfony/filesystem.git",
                "reference": "8a721a5f2553c6c3482b1c5b22ed60fe94dd63ed"
            },
            "dist": {
                "type": "zip",
                "url": "https://api.github.com/repos/symfony/filesystem/zipball/8a721a5f2553c6c3482b1c5b22ed60fe94dd63ed",
                "reference": "8a721a5f2553c6c3482b1c5b22ed60fe94dd63ed",
                "shasum": ""
            },
            "require": {
                "php": "^5.5.9|>=7.0.8",
                "symfony/polyfill-ctype": "~1.8"
            },
            "type": "library",
            "extra": {
                "branch-alias": {
                    "dev-master": "3.4-dev"
                }
            },
            "autoload": {
                "psr-4": {
                    "Symfony\\Component\\Filesystem\\": ""
                },
                "exclude-from-classmap": [
                    "/Tests/"
                ]
            },
            "notification-url": "https://packagist.org/downloads/",
            "license": [
                "MIT"
            ],
            "authors": [
                {
                    "name": "Fabien Potencier",
                    "email": "fabien@symfony.com"
                },
                {
                    "name": "Symfony Community",
                    "homepage": "https://symfony.com/contributors"
                }
            ],
            "description": "Symfony Filesystem Component",
            "homepage": "https://symfony.com",
            "time": "2018-06-21T11:10:19+00:00"
        },
        {
            "name": "symfony/polyfill-ctype",
            "version": "v1.8.0",
            "source": {
                "type": "git",
                "url": "https://github.com/symfony/polyfill-ctype.git",
                "reference": "7cc359f1b7b80fc25ed7796be7d96adc9b354bae"
            },
            "dist": {
                "type": "zip",
                "url": "https://api.github.com/repos/symfony/polyfill-ctype/zipball/7cc359f1b7b80fc25ed7796be7d96adc9b354bae",
                "reference": "7cc359f1b7b80fc25ed7796be7d96adc9b354bae",
                "shasum": ""
            },
            "require": {
                "php": ">=5.3.3"
            },
            "type": "library",
            "extra": {
                "branch-alias": {
                    "dev-master": "1.8-dev"
                }
            },
            "autoload": {
                "psr-4": {
                    "Symfony\\Polyfill\\Ctype\\": ""
                },
                "files": [
                    "bootstrap.php"
                ]
            },
            "notification-url": "https://packagist.org/downloads/",
            "license": [
                "MIT"
            ],
            "authors": [
                {
                    "name": "Symfony Community",
                    "homepage": "https://symfony.com/contributors"
                },
                {
                    "name": "Gert de Pagter",
                    "email": "BackEndTea@gmail.com"
                }
            ],
            "description": "Symfony polyfill for ctype functions",
            "homepage": "https://symfony.com",
            "keywords": [
                "compatibility",
                "ctype",
                "polyfill",
                "portable"
            ],
            "time": "2018-04-30T19:57:29+00:00"
        },
        {
            "name": "symfony/process",
            "version": "v3.4.12",
            "source": {
                "type": "git",
                "url": "https://github.com/symfony/process.git",
                "reference": "acc5a37c706ace827962851b69705b24e71ca17c"
            },
            "dist": {
                "type": "zip",
                "url": "https://api.github.com/repos/symfony/process/zipball/acc5a37c706ace827962851b69705b24e71ca17c",
                "reference": "acc5a37c706ace827962851b69705b24e71ca17c",
                "shasum": ""
            },
            "require": {
                "php": "^5.5.9|>=7.0.8"
            },
            "type": "library",
            "extra": {
                "branch-alias": {
                    "dev-master": "3.4-dev"
                }
            },
            "autoload": {
                "psr-4": {
                    "Symfony\\Component\\Process\\": ""
                },
                "exclude-from-classmap": [
                    "/Tests/"
                ]
            },
            "notification-url": "https://packagist.org/downloads/",
            "license": [
                "MIT"
            ],
            "authors": [
                {
                    "name": "Fabien Potencier",
                    "email": "fabien@symfony.com"
                },
                {
                    "name": "Symfony Community",
                    "homepage": "https://symfony.com/contributors"
                }
            ],
            "description": "Symfony Process Component",
            "homepage": "https://symfony.com",
            "time": "2018-05-30T04:24:30+00:00"
        },
        {
            "name": "topthink/framework",
            "version": "v5.0.19",
            "source": {
                "type": "git",
                "url": "https://github.com/top-think/framework.git",
                "reference": "6e2d3acabdd0f4c812bc9a8e92a1173c88f00922"
            },
            "dist": {
                "type": "zip",
                "url": "https://api.github.com/repos/top-think/framework/zipball/6e2d3acabdd0f4c812bc9a8e92a1173c88f00922",
                "reference": "6e2d3acabdd0f4c812bc9a8e92a1173c88f00922",
                "shasum": ""
            },
            "require": {
                "php": ">=5.4.0",
                "topthink/think-installer": "~1.0"
            },
            "require-dev": {
                "johnkary/phpunit-speedtrap": "^1.0",
                "mikey179/vfsstream": "~1.6",
                "phpdocumentor/reflection-docblock": "^2.0",
                "phploc/phploc": "2.*",
                "phpunit/phpunit": "4.8.*",
                "sebastian/phpcpd": "2.*"
            },
            "type": "think-framework",
            "autoload": {
                "psr-4": {
                    "think\\": "library/think"
                }
            },
            "notification-url": "https://packagist.org/downloads/",
            "license": [
                "Apache-2.0"
            ],
            "authors": [
                {
                    "name": "liu21st",
                    "email": "liu21st@gmail.com"
                }
            ],
            "description": "the new thinkphp framework",
            "homepage": "http://thinkphp.cn/",
            "keywords": [
                "framework",
                "orm",
                "thinkphp"
            ],
            "time": "2018-04-25T09:17:37+00:00"
        },
        {
            "name": "topthink/think-captcha",
            "version": "v1.0.7",
            "source": {
                "type": "git",
                "url": "https://github.com/top-think/think-captcha.git",
                "reference": "0c55455df26a1626a60d0dc35d2d89002b741d44"
            },
            "dist": {
                "type": "zip",
                "url": "https://api.github.com/repos/top-think/think-captcha/zipball/0c55455df26a1626a60d0dc35d2d89002b741d44",
                "reference": "0c55455df26a1626a60d0dc35d2d89002b741d44",
                "shasum": ""
            },
            "type": "library",
            "autoload": {
                "psr-4": {
                    "think\\captcha\\": "src/"
                },
                "files": [
                    "src/helper.php"
                ]
            },
            "notification-url": "https://packagist.org/downloads/",
            "license": [
                "Apache-2.0"
            ],
            "authors": [
                {
                    "name": "yunwuxin",
                    "email": "448901948@qq.com"
                }
            ],
            "description": "captcha package for thinkphp5",
            "time": "2016-07-06T01:47:11+00:00"
        },
        {
            "name": "topthink/think-image",
            "version": "v1.0.7",
            "source": {
                "type": "git",
                "url": "https://github.com/top-think/think-image.git",
                "reference": "8586cf47f117481c6d415b20f7dedf62e79d5512"
            },
            "dist": {
                "type": "zip",
                "url": "https://api.github.com/repos/top-think/think-image/zipball/8586cf47f117481c6d415b20f7dedf62e79d5512",
                "reference": "8586cf47f117481c6d415b20f7dedf62e79d5512",
                "shasum": ""
            },
            "require": {
                "ext-gd": "*"
            },
            "require-dev": {
                "phpunit/phpunit": "4.8.*",
                "topthink/framework": "^5.0"
            },
            "type": "library",
            "autoload": {
                "psr-4": {
                    "think\\": "src"
                }
            },
            "notification-url": "https://packagist.org/downloads/",
            "license": [
                "Apache-2.0"
            ],
            "authors": [
                {
                    "name": "yunwuxin",
                    "email": "448901948@qq.com"
                }
            ],
            "description": "The ThinkPHP5 Image Package",
            "time": "2016-09-29T06:05:43+00:00"
        },
        {
            "name": "topthink/think-installer",
            "version": "v1.0.12",
            "source": {
                "type": "git",
                "url": "https://github.com/top-think/think-installer.git",
                "reference": "1be326e68f63de4e95977ed50f46ae75f017556d"
            },
            "dist": {
                "type": "zip",
                "url": "https://api.github.com/repos/top-think/think-installer/zipball/1be326e68f63de4e95977ed50f46ae75f017556d",
                "reference": "1be326e68f63de4e95977ed50f46ae75f017556d",
                "shasum": ""
            },
            "require": {
                "composer-plugin-api": "^1.0"
            },
            "require-dev": {
                "composer/composer": "1.0.*@dev"
            },
            "type": "composer-plugin",
            "extra": {
                "class": "think\\composer\\Plugin"
            },
            "autoload": {
                "psr-4": {
                    "think\\composer\\": "src"
                }
            },
            "notification-url": "https://packagist.org/downloads/",
            "license": [
                "Apache-2.0"
            ],
            "authors": [
                {
                    "name": "yunwuxin",
                    "email": "448901948@qq.com"
                }
            ],
            "time": "2017-05-27T06:58:09+00:00"
        },
        {
            "name": "topthink/think-worker",
            "version": "v1.0.1",
            "source": {
                "type": "git",
                "url": "https://github.com/top-think/think-worker.git",
                "reference": "b609ff5e38dbb7194aab027d2b2c6b31a7ed1bd1"
            },
            "dist": {
                "type": "zip",
                "url": "https://api.github.com/repos/top-think/think-worker/zipball/b609ff5e38dbb7194aab027d2b2c6b31a7ed1bd1",
                "reference": "b609ff5e38dbb7194aab027d2b2c6b31a7ed1bd1",
                "shasum": ""
            },
            "require": {
                "workerman/workerman": "^3.3.0"
            },
            "type": "library",
            "autoload": {
                "psr-4": {
                    "think\\worker\\": "src"
                },
                "files": []
            },
            "notification-url": "https://packagist.org/downloads/",
            "license": [
                "Apache-2.0"
            ],
            "authors": [
                {
                    "name": "liu21st",
                    "email": "liu21st@gmail.com"
                }
            ],
            "description": "workerman extend for thinkphp5",
            "time": "2016-10-08T06:07:03+00:00"
        },
        {
            "name": "workerman/gateway-worker",
            "version": "v3.0.9",
            "source": {
                "type": "git",
                "url": "https://github.com/walkor/GatewayWorker.git",
                "reference": "0d91d66dd5cdcc05a3c6ab17dc7c15087728baed"
            },
            "dist": {
                "type": "zip",
                "url": "https://api.github.com/repos/walkor/GatewayWorker/zipball/0d91d66dd5cdcc05a3c6ab17dc7c15087728baed",
                "reference": "0d91d66dd5cdcc05a3c6ab17dc7c15087728baed",
                "shasum": ""
            },
            "require": {
                "workerman/workerman": ">=3.1.8"
            },
            "type": "library",
            "autoload": {
                "psr-4": {
                    "GatewayWorker\\": "./src"
                }
            },
            "notification-url": "https://packagist.org/downloads/",
            "license": [
                "MIT"
            ],
            "homepage": "http://www.workerman.net",
            "keywords": [
                "communication",
                "distributed"
            ],
            "time": "2018-05-22T16:57:48+00:00"
        },
        {
            "name": "workerman/workerman",
            "version": "v3.5.13",
            "source": {
                "type": "git",
                "url": "https://github.com/walkor/Workerman.git",
                "reference": "cf2538169af989fbba4d55be1bfc8c8d80fa71e9"
            },
            "dist": {
                "type": "zip",
                "url": "https://api.github.com/repos/walkor/Workerman/zipball/cf2538169af989fbba4d55be1bfc8c8d80fa71e9",
                "reference": "cf2538169af989fbba4d55be1bfc8c8d80fa71e9",
                "shasum": ""
            },
            "require": {
                "php": ">=5.3"
            },
            "suggest": {
                "ext-event": "For better performance. "
            },
            "type": "library",
            "autoload": {
                "psr-4": {
                    "Workerman\\": "./"
                }
            },
            "notification-url": "https://packagist.org/downloads/",
            "license": [
                "MIT"
            ],
            "authors": [
                {
                    "name": "walkor",
                    "email": "walkor@workerman.net",
                    "homepage": "http://www.workerman.net",
                    "role": "Developer"
                }
            ],
            "description": "An asynchronous event driven PHP framework for easily building fast, scalable network applications.",
            "homepage": "http://www.workerman.net",
            "keywords": [
                "asynchronous",
                "event-loop"
            ],
            "time": "2018-07-16T02:11:10+00:00"
        },
        {
            "name": "zoujingli/wechat-php-sdk",
            "version": "v1.3.16",
            "source": {
                "type": "git",
                "url": "https://github.com/zoujingli/wechat-php-sdk.git",
                "reference": "81bea8a9756dbf06b44dea29a1bb7925b8fea01b"
            },
            "dist": {
                "type": "zip",
                "url": "https://api.github.com/repos/zoujingli/wechat-php-sdk/zipball/81bea8a9756dbf06b44dea29a1bb7925b8fea01b",
                "reference": "81bea8a9756dbf06b44dea29a1bb7925b8fea01b",
                "shasum": ""
            },
            "require": {
                "php": ">=5.3.3"
            },
            "type": "project",
            "autoload": {
                "psr-4": {
                    "Wechat\\": "./Wechat"
                }
            },
            "notification-url": "https://packagist.org/downloads/",
            "license": [
                "MIT"
            ],
            "description": "WeChat development of SDK",
            "homepage": "http://www.kancloud.cn/zoujingli/wechat-php-sdk",
            "keywords": [
                "wechat-php-sdk"
            ],
            "time": "2018-07-10T08:48:24+00:00"
        }
    ],
    "packages-dev": [],
    "aliases": [],
    "minimum-stability": "stable",
    "stability-flags": [],
    "prefer-stable": false,
    "prefer-lowest": false,
    "platform": {
        "php": ">=5.6.0"
    },
    "platform-dev": []
}
